
Microsoft Visual Studio Solution File, Format Version 12.00
# Visual Studio Version 17
VisualStudioVersion = 17.13.35806.99
MinimumVisualStudioVersion = 10.0.40219.1
Project("{FAE04EC0-301F-11D3-BF4B-00C04F79EFBC}") = "SignalGenerator", "SignalGenerator\SignalGenerator.csproj", "{10CA7C8E-989B-481E-8FF5-CC07FC74775A}"
EndProject
Project("{FAE04EC0-301F-11D3-BF4B-00C04F79EFBC}") = "SignalMonitor", "SignalMonitor\SignalMonitor.csproj", "{1D7E067A-7676-48EC-8E0D-4C9F52F30080}"
EndProject
Project("{FAE04EC0-301F-11D3-BF4B-00C04F79EFBC}") = "SignalReceiver", "SignalReceiver\SignalReceiver\SignalReceiver.csproj", "{6BE83F02-784A-4E8C-A74C-7347E088C7D5}"
EndProject
Global
	GlobalSection(SolutionConfigurationPlatforms) = preSolution
		Debug|Any CPU = Debug|Any CPU
		Release|Any CPU = Release|Any CPU
	EndGlobalSection
	GlobalSection(ProjectConfigurationPlatforms) = postSolution
		{10CA7C8E-989B-481E-8FF5-CC07FC74775A}.Debug|Any CPU.ActiveCfg = Debug|Any CPU
		{10CA7C8E-989B-481E-8FF5-CC07FC74775A}.Debug|Any CPU.Build.0 = Debug|Any CPU
		{10CA7C8E-989B-481E-8FF5-CC07FC74775A}.Release|Any CPU.ActiveCfg = Release|Any CPU
		{10CA7C8E-989B-481E-8FF5-CC07FC74775A}.Release|Any CPU.Build.0 = Release|Any CPU
		{1D7E067A-7676-48EC-8E0D-4C9F52F30080}.Debug|Any CPU.ActiveCfg = Debug|Any CPU
		{1D7E067A-7676-48EC-8E0D-4C9F52F30080}.Debug|Any CPU.Build.0 = Debug|Any CPU
		{1D7E067A-7676-48EC-8E0D-4C9F52F30080}.Release|Any CPU.ActiveCfg = Release|Any CPU
		{1D7E067A-7676-48EC-8E0D-4C9F52F30080}.Release|Any CPU.Build.0 = Release|Any CPU
		{6BE83F02-784A-4E8C-A74C-7347E088C7D5}.Debug|Any CPU.ActiveCfg = Debug|Any CPU
		{6BE83F02-784A-4E8C-A74C-7347E088C7D5}.Debug|Any CPU.Build.0 = Debug|Any CPU
		{6BE83F02-784A-4E8C-A74C-7347E088C7D5}.Release|Any CPU.ActiveCfg = Release|Any CPU
		{6BE83F02-784A-4E8C-A74C-7347E088C7D5}.Release|Any CPU.Build.0 = Release|Any CPU
	EndGlobalSection
	GlobalSection(SolutionProperties) = preSolution
		HideSolutionNode = FALSE
	EndGlobalSection
	GlobalSection(ExtensibilityGlobals) = postSolution
		SolutionGuid = {D2787D31-2202-46E9-9312-B61816DA2D9F}
	EndGlobalSection
EndGlobal
